<?xml version="1.0" encoding="utf-8"?>
<Project ToolsVersion="4.0" xmlns="http://schemas.microsoft.com/developer/msbuild/2003">
  <ItemGroup>
    <Filter Include="Gameplay">
      <UniqueIdentifier>{960b6e9d-ce87-4f51-97f1-2e293af9bfc3}</UniqueIdentifier>
    </Filter>
    <Filter Include="Document">
      <UniqueIdentifier>{8f6262e8-8950-43f3-a0f7-ee09a9ca5217}</UniqueIdentifier>
    </Filter>
    <Filter Include="Framework">
      <UniqueIdentifier>{4FC737F1-C7A5-4376-A066-2A32D752A2FF}</UniqueIdentifier>
      <Extensions>cpp;c;cc;cxx;c++;cppm;ixx;def;odl;idl;hpj;bat;asm;asmx</Extensions>
    </Filter>
    <Filter Include="Definition">
      <UniqueIdentifier>{c6793b6f-4156-4441-8bd0-8394ed472ec3}</UniqueIdentifier>
    </Filter>
    <Filter Include="Subsystem">
      <UniqueIdentifier>{a4b1c284-09d2-4923-8042-614644b1ea89}</UniqueIdentifier>
    </Filter>
    <Filter Include="Subsystem\Console">
      <UniqueIdentifier>{9181bbf9-cff0-4927-b24c-bab466745d49}</UniqueIdentifier>
    </Filter>
    <Filter Include="Subsystem\Widget">
      <UniqueIdentifier>{1113438c-2275-4483-bb2c-904d85c5ca4c}</UniqueIdentifier>
    </Filter>
  </ItemGroup>
  <ItemGroup>
    <ClCompile Include="Gameplay\Actor.cpp">
      <Filter>Gameplay</Filter>
    </ClCompile>
    <ClCompile Include="Gameplay\Game.cpp">
      <Filter>Gameplay</Filter>
    </ClCompile>
    <ClCompile Include="Framework\AIController.cpp">
      <Filter>Framework</Filter>
    </ClCompile>
    <ClCompile Include="Framework\App.cpp">
      <Filter>Framework</Filter>
    </ClCompile>
    <ClCompile Include="Framework\Controller.cpp">
      <Filter>Framework</Filter>
    </ClCompile>
    <ClCompile Include="Framework\GameCommon.cpp">
      <Filter>Framework</Filter>
    </ClCompile>
    <ClCompile Include="Framework\Main_Windows.cpp">
      <Filter>Framework</Filter>
    </ClCompile>
    <ClCompile Include="Framework\PlayerController.cpp">
      <Filter>Framework</Filter>
    </ClCompile>
    <ClCompile Include="Definition\PieceDefinition.cpp">
      <Filter>Definition</Filter>
    </ClCompile>
    <ClCompile Include="Gameplay\Board.cpp">
      <Filter>Gameplay</Filter>
    </ClCompile>
    <ClCompile Include="Gameplay\Match.cpp">
      <Filter>Gameplay</Filter>
    </ClCompile>
    <ClCompile Include="Gameplay\Piece.cpp">
      <Filter>Gameplay</Filter>
    </ClCompile>
    <ClCompile Include="Subsystem\Console\ConsoleSubsystem.cpp">
      <Filter>Subsystem\Console</Filter>
    </ClCompile>
    <ClCompile Include="Subsystem\Widget\WidgetSubsystem.cpp">
      <Filter>Subsystem\Widget</Filter>
    </ClCompile>
  </ItemGroup>
  <ItemGroup>
    <ClInclude Include="Gameplay\Actor.hpp">
      <Filter>Gameplay</Filter>
    </ClInclude>
    <ClInclude Include="Gameplay\Game.hpp">
      <Filter>Gameplay</Filter>
    </ClInclude>
    <ClInclude Include="Framework\AIController.hpp">
      <Filter>Framework</Filter>
    </ClInclude>
    <ClInclude Include="Framework\App.hpp">
      <Filter>Framework</Filter>
    </ClInclude>
    <ClInclude Include="Framework\Controller.hpp">
      <Filter>Framework</Filter>
    </ClInclude>
    <ClInclude Include="Framework\GameCommon.hpp">
      <Filter>Framework</Filter>
    </ClInclude>
    <ClInclude Include="Framework\PlayerController.hpp">
      <Filter>Framework</Filter>
    </ClInclude>
    <ClInclude Include="EngineBuildPreferences.hpp">
      <Filter>Framework</Filter>
    </ClInclude>
    <ClInclude Include="Definition\PieceDefinition.hpp">
      <Filter>Definition</Filter>
    </ClInclude>
    <ClInclude Include="Gameplay\Board.hpp">
      <Filter>Gameplay</Filter>
    </ClInclude>
    <ClInclude Include="Gameplay\Match.hpp">
      <Filter>Gameplay</Filter>
    </ClInclude>
    <ClInclude Include="Gameplay\Piece.hpp">
      <Filter>Gameplay</Filter>
    </ClInclude>
    <ClInclude Include="Subsystem\Console\ConsoleSubsystem.hpp">
      <Filter>Subsystem\Console</Filter>
    </ClInclude>
    <ClInclude Include="Subsystem\Widget\WidgetSubsystem.hpp">
      <Filter>Subsystem\Widget</Filter>
    </ClInclude>
  </ItemGroup>
  <ItemGroup>
    <None Include="..\..\Docs\README.md">
      <Filter>Document</Filter>
    </None>
  </ItemGroup>
</Project>